
Microsoft Visual Studio Solution File, Format Version 11.00
# Visual Studio 2010
Project("{FAE04EC0-301F-11D3-BF4B-00C04F79EFBC}") = "Assembly-CSharp", "Assembly-CSharp.csproj", "{ba4daa36-69a5-caf1-801e-e6fe9e8a54c6}"
EndProject
Project("{FAE04EC0-301F-11D3-BF4B-00C04F79EFBC}") = "Assembly-CSharp-firstpass", "Assembly-CSharp-firstpass.csproj", "{0b161407-35da-92ec-8089-b7e5acaa8ca5}"
EndProject
Project("{FAE04EC0-301F-11D3-BF4B-00C04F79EFBC}") = "Assembly-CSharp-Editor-firstpass", "Assembly-CSharp-Editor-firstpass.csproj", "{5409c5c9-f25b-f0c2-857b-3ab59f9546cd}"
EndProject
Global
	GlobalSection(SolutionConfigurationPlatforms) = preSolution
		Debug|Any CPU = Debug|Any CPU
	EndGlobalSection
	GlobalSection(ProjectConfigurationPlatforms) = postSolution
		{ba4daa36-69a5-caf1-801e-e6fe9e8a54c6}.Debug|Any CPU.ActiveCfg = Debug|Any CPU
		{ba4daa36-69a5-caf1-801e-e6fe9e8a54c6}.Debug|Any CPU.Build.0 = Debug|Any CPU
		{0b161407-35da-92ec-8089-b7e5acaa8ca5}.Debug|Any CPU.ActiveCfg = Debug|Any CPU
		{0b161407-35da-92ec-8089-b7e5acaa8ca5}.Debug|Any CPU.Build.0 = Debug|Any CPU
		{5409c5c9-f25b-f0c2-857b-3ab59f9546cd}.Debug|Any CPU.ActiveCfg = Debug|Any CPU
		{5409c5c9-f25b-f0c2-857b-3ab59f9546cd}.Debug|Any CPU.Build.0 = Debug|Any CPU
	EndGlobalSection
	GlobalSection(SolutionProperties) = preSolution
		HideSolutionNode = FALSE
	EndGlobalSection
EndGlobal
